
Microsoft Visual Studio Solution File, Format Version 12.00
# Visual Studio Version 17
VisualStudioVersion = 17.4.33213.308
MinimumVisualStudioVersion = 10.0.40219.1
Project("{FAE04EC0-301F-11D3-BF4B-00C04F79EFBC}") = "FilteringSample", "FilteringSample.csproj", "{B17C6F59-3514-4F7F-9CFE-9DE8D3836895}"
EndProject
Global
	GlobalSection(SolutionConfigurationPlatforms) = preSolution
		Debug|Any CPU = Debug|Any CPU
		Release|Any CPU = Release|Any CPU
	EndGlobalSection
	GlobalSection(ProjectConfigurationPlatforms) = postSolution
		{B17C6F59-3514-4F7F-9CFE-9DE8D3836895}.Debug|Any CPU.ActiveCfg = Debug|Any CPU
		{B17C6F59-3514-4F7F-9CFE-9DE8D3836895}.Debug|Any CPU.Build.0 = Debug|Any CPU
		{B17C6F59-3514-4F7F-9CFE-9DE8D3836895}.Release|Any CPU.ActiveCfg = Release|Any CPU
		{B17C6F59-3514-4F7F-9CFE-9DE8D3836895}.Release|Any CPU.Build.0 = Release|Any CPU
	EndGlobalSection
	GlobalSection(SolutionProperties) = preSolution
		HideSolutionNode = FALSE
	EndGlobalSection
	GlobalSection(ExtensibilityGlobals) = postSolution
		SolutionGuid = {9B386088-AA32-49B9-80E4-67B1337249C0}
	EndGlobalSection
EndGlobal
